
Microsoft Visual Studio Solution File, Format Version 12.00
# Visual Studio Version 17
VisualStudioVersion = 17.3.32825.248
MinimumVisualStudioVersion = 10.0.40219.1
Project("{9A19103F-16F7-4668-BE54-9A1E7A4F7556}") = "game01", "game01\game01.csproj", "{C2C27605-207E-4636-AAE0-ABA32280AF52}"
EndProject
Project("{FAE04EC0-301F-11D3-BF4B-00C04F79EFBC}") = "game01webapp", "game01webapp\game01webapp.csproj", "{16D0060A-9A22-4310-ADB6-08236370D6A5}"
EndProject
Global
	GlobalSection(SolutionConfigurationPlatforms) = preSolution
		Debug|Any CPU = Debug|Any CPU
		Release|Any CPU = Release|Any CPU
	EndGlobalSection
	GlobalSection(ProjectConfigurationPlatforms) = postSolution
		{C2C27605-207E-4636-AAE0-ABA32280AF52}.Debug|Any CPU.ActiveCfg = Debug|Any CPU
		{C2C27605-207E-4636-AAE0-ABA32280AF52}.Debug|Any CPU.Build.0 = Debug|Any CPU
		{C2C27605-207E-4636-AAE0-ABA32280AF52}.Release|Any CPU.ActiveCfg = Release|Any CPU
		{C2C27605-207E-4636-AAE0-ABA32280AF52}.Release|Any CPU.Build.0 = Release|Any CPU
		{16D0060A-9A22-4310-ADB6-08236370D6A5}.Debug|Any CPU.ActiveCfg = Debug|Any CPU
		{16D0060A-9A22-4310-ADB6-08236370D6A5}.Debug|Any CPU.Build.0 = Debug|Any CPU
		{16D0060A-9A22-4310-ADB6-08236370D6A5}.Release|Any CPU.ActiveCfg = Release|Any CPU
		{16D0060A-9A22-4310-ADB6-08236370D6A5}.Release|Any CPU.Build.0 = Release|Any CPU
	EndGlobalSection
	GlobalSection(SolutionProperties) = preSolution
		HideSolutionNode = FALSE
	EndGlobalSection
	GlobalSection(ExtensibilityGlobals) = postSolution
		SolutionGuid = {8A278DB4-73FC-4AC8-BED6-3C55F30BF126}
	EndGlobalSection
EndGlobal
